
Microsoft Visual Studio Solution File, Format Version 12.00
# Visual Studio Version 17
VisualStudioVersion = 17.8.34309.116
MinimumVisualStudioVersion = 10.0.40219.1
Project("{FAE04EC0-301F-11D3-BF4B-00C04F79EFBC}") = "WithoutSRP", "WithoutSRP.csproj", "{8D3D5A49-9ABE-46AD-A4A9-DF9D8257389D}"
EndProject
Project("{FAE04EC0-301F-11D3-BF4B-00C04F79EFBC}") = "WithSRP", "..\WithSRP\WithSRP.csproj", "{5E7A7B0A-1AD5-47EF-ACFA-8A7314FE5539}"
EndProject
Global
	GlobalSection(SolutionConfigurationPlatforms) = preSolution
		Debug|Any CPU = Debug|Any CPU
		Release|Any CPU = Release|Any CPU
	EndGlobalSection
	GlobalSection(ProjectConfigurationPlatforms) = postSolution
		{8D3D5A49-9ABE-46AD-A4A9-DF9D8257389D}.Debug|Any CPU.ActiveCfg = Debug|Any CPU
		{8D3D5A49-9ABE-46AD-A4A9-DF9D8257389D}.Debug|Any CPU.Build.0 = Debug|Any CPU
		{8D3D5A49-9ABE-46AD-A4A9-DF9D8257389D}.Release|Any CPU.ActiveCfg = Release|Any CPU
		{8D3D5A49-9ABE-46AD-A4A9-DF9D8257389D}.Release|Any CPU.Build.0 = Release|Any CPU
		{5E7A7B0A-1AD5-47EF-ACFA-8A7314FE5539}.Debug|Any CPU.ActiveCfg = Debug|Any CPU
		{5E7A7B0A-1AD5-47EF-ACFA-8A7314FE5539}.Debug|Any CPU.Build.0 = Debug|Any CPU
		{5E7A7B0A-1AD5-47EF-ACFA-8A7314FE5539}.Release|Any CPU.ActiveCfg = Release|Any CPU
		{5E7A7B0A-1AD5-47EF-ACFA-8A7314FE5539}.Release|Any CPU.Build.0 = Release|Any CPU
	EndGlobalSection
	GlobalSection(SolutionProperties) = preSolution
		HideSolutionNode = FALSE
	EndGlobalSection
	GlobalSection(ExtensibilityGlobals) = postSolution
		SolutionGuid = {869180A8-1198-4C3D-B857-504B18037D61}
	EndGlobalSection
EndGlobal
