
Microsoft Visual Studio Solution File, Format Version 12.00
# Visual Studio Version 17
VisualStudioVersion = 17.8.34309.116
MinimumVisualStudioVersion = 10.0.40219.1
Project("{FAE04EC0-301F-11D3-BF4B-00C04F79EFBC}") = "InterfaceSegregationPrinciple", "InterfaceSegregationPrinciple.csproj", "{9B7016B1-7D62-4184-911C-0A8D1A909974}"
EndProject
Global
	GlobalSection(SolutionConfigurationPlatforms) = preSolution
		Debug|Any CPU = Debug|Any CPU
		Release|Any CPU = Release|Any CPU
	EndGlobalSection
	GlobalSection(ProjectConfigurationPlatforms) = postSolution
		{9B7016B1-7D62-4184-911C-0A8D1A909974}.Debug|Any CPU.ActiveCfg = Debug|Any CPU
		{9B7016B1-7D62-4184-911C-0A8D1A909974}.Debug|Any CPU.Build.0 = Debug|Any CPU
		{9B7016B1-7D62-4184-911C-0A8D1A909974}.Release|Any CPU.ActiveCfg = Release|Any CPU
		{9B7016B1-7D62-4184-911C-0A8D1A909974}.Release|Any CPU.Build.0 = Release|Any CPU
	EndGlobalSection
	GlobalSection(SolutionProperties) = preSolution
		HideSolutionNode = FALSE
	EndGlobalSection
	GlobalSection(ExtensibilityGlobals) = postSolution
		SolutionGuid = {5CAF34D0-8BB0-4513-BA9D-D8FEE95C042C}
	EndGlobalSection
EndGlobal
